
Microsoft Visual Studio Solution File, Format Version 12.00
# Visual Studio Version 16
VisualStudioVersion = 16.0.30611.23
MinimumVisualStudioVersion = 10.0.40219.1
Project("{FAE04EC0-301F-11D3-BF4B-00C04F79EFBC}") = "Lab3", "Lab3\Lab3.csproj", "{AA991727-763F-41CD-84A8-1919996879EF}"
EndProject
Global
	GlobalSection(SolutionConfigurationPlatforms) = preSolution
		Debug|Any CPU = Debug|Any CPU
		Release|Any CPU = Release|Any CPU
	EndGlobalSection
	GlobalSection(ProjectConfigurationPlatforms) = postSolution
		{AA991727-763F-41CD-84A8-1919996879EF}.Debug|Any CPU.ActiveCfg = Debug|Any CPU
		{AA991727-763F-41CD-84A8-1919996879EF}.Debug|Any CPU.Build.0 = Debug|Any CPU
		{AA991727-763F-41CD-84A8-1919996879EF}.Release|Any CPU.ActiveCfg = Release|Any CPU
		{AA991727-763F-41CD-84A8-1919996879EF}.Release|Any CPU.Build.0 = Release|Any CPU
	EndGlobalSection
	GlobalSection(SolutionProperties) = preSolution
		HideSolutionNode = FALSE
	EndGlobalSection
	GlobalSection(ExtensibilityGlobals) = postSolution
		SolutionGuid = {4AAE1E00-F41B-44FF-B282-49FD5324B032}
	EndGlobalSection
EndGlobal
